github.com/mkch/asserting v0.0.0-20190916092325-c18221b2f2b2/go.mod h1:7QF1TGIJmEibF74aU9YWLLfDOnl4R94hWzpD/zWowbM=
golang.org/x/sys v0.0.0-20190913121621-c3b328c6e5a7 h1:wYqz/tQaWUgGKyx+B/rssSE6wkIKdY5Ee6ryOmzarIg=
golang.org/x/sys v0.0.0-20190913121621-c3b328c6e5a7/go.mod h1:h1NjWce9XRLGQEsW7wpKNCjG9DtNlClVuFLEZdDNbEs=
